// !$*UTF8*$!
{
	archiveVersion = 1;
	classes = {
	};
	objectVersion = 51;
	objects = {

/* Begin PBXBuildFile section */
		3110792E23669E79006EC700 /* SceneDelegate.m in Sources */ = {isa = PBXBuildFile; fileRef = 3110792123669E79006EC700 /* SceneDelegate.m */; };
		3110792F23669E79006EC700 /* main.m in Sources */ = {isa = PBXBuildFile; fileRef = 3110792223669E79006EC700 /* main.m */; };
		3110793023669E79006EC700 /* AppDelegate.m in Sources */ = {isa = PBXBuildFile; fileRef = 3110792323669E79006EC700 /* AppDelegate.m */; };
		3110793223669E79006EC700 /* UIView+Jie.m in Sources */ = {isa = PBXBuildFile; fileRef = 3110792923669E79006EC700 /* UIView+Jie.m */; };
		3110793323669E79006EC700 /* GitHubViewController.m in Sources */ = {isa = PBXBuildFile; fileRef = 3110792C23669E79006EC700 /* GitHubViewController.m */; };
		31343F002362F1440013EAB0 /* JieNavigationController.m in Sources */ = {isa = PBXBuildFile; fileRef = 31343EFF2362F1440013EAB0 /* JieNavigationController.m */; };
		31343F042362FFCF0013EAB0 /* JieNavBaseViewController.m in Sources */ = {isa = PBXBuildFile; fileRef = 31343F032362FFCF0013EAB0 /* JieNavBaseViewController.m */; };
		31343F0723632CA30013EAB0 /* JieBaseViewController.m in Sources */ = {isa = PBXBuildFile; fileRef = 31343F0623632CA30013EAB0 /* JieBaseViewController.m */; };
		31343F0A2363324C0013EAB0 /* JieWebViewController.m in Sources */ = {isa = PBXBuildFile; fileRef = 31343F092363324C0013EAB0 /* JieWebViewController.m */; };
		314CF6B32366B6EC005EA85C /* TwitterViewController.m in Sources */ = {isa = PBXBuildFile; fileRef = 314CF6B22366B6EC005EA85C /* TwitterViewController.m */; };
		314CF6B62366B6F7005EA85C /* VideoViewController.m in Sources */ = {isa = PBXBuildFile; fileRef = 314CF6B52366B6F7005EA85C /* VideoViewController.m */; };
		314CF6B92366B700005EA85C /* SinaViewController.m in Sources */ = {isa = PBXBuildFile; fileRef = 314CF6B82366B700005EA85C /* SinaViewController.m */; };
		314CF6BC2366B70A005EA85C /* GoogleViewController.m in Sources */ = {isa = PBXBuildFile; fileRef = 314CF6BB2366B70A005EA85C /* GoogleViewController.m */; };
		314CF6BF2366B758005EA85C /* JieTabBarController.m in Sources */ = {isa = PBXBuildFile; fileRef = 314CF6BE2366B758005EA85C /* JieTabBarController.m */; };
		314E06B22361B430007084AD /* Main.storyboard in Resources */ = {isa = PBXBuildFile; fileRef = 314E06B02361B430007084AD /* Main.storyboard */; };
		314E06B42361B433007084AD /* Assets.xcassets in Resources */ = {isa = PBXBuildFile; fileRef = 314E06B32361B433007084AD /* Assets.xcassets */; };
		314E06B72361B433007084AD /* LaunchScreen.storyboard in Resources */ = {isa = PBXBuildFile; fileRef = 314E06B52361B433007084AD /* LaunchScreen.storyboard */; };
		3161A4F323658C7E00BED611 /* MyCollectionViewCell.m in Sources */ = {isa = PBXBuildFile; fileRef = 3161A4F123658C7E00BED611 /* MyCollectionViewCell.m */; };
		3161A4F423658C7E00BED611 /* WaterFlowLayout.m in Sources */ = {isa = PBXBuildFile; fileRef = 3161A4F223658C7E00BED611 /* WaterFlowLayout.m */; };
		3161A50023658D7B00BED611 /* 8.png in Resources */ = {isa = PBXBuildFile; fileRef = 3161A4F623658D7B00BED611 /* 8.png */; };
		3161A50123658D7B00BED611 /* 9.png in Resources */ = {isa = PBXBuildFile; fileRef = 3161A4F723658D7B00BED611 /* 9.png */; };
		3161A50223658D7B00BED611 /* 4.png in Resources */ = {isa = PBXBuildFile; fileRef = 3161A4F823658D7B00BED611 /* 4.png */; };
		3161A50323658D7B00BED611 /* 5.png in Resources */ = {isa = PBXBuildFile; fileRef = 3161A4F923658D7B00BED611 /* 5.png */; };
		3161A50423658D7B00BED611 /* update2.png in Resources */ = {isa = PBXBuildFile; fileRef = 3161A4FA23658D7B00BED611 /* update2.png */; };
		3161A50523658D7B00BED611 /* 7.png in Resources */ = {isa = PBXBuildFile; fileRef = 3161A4FB23658D7B00BED611 /* 7.png */; };
		3161A50623658D7B00BED611 /* 6.png in Resources */ = {isa = PBXBuildFile; fileRef = 3161A4FC23658D7B00BED611 /* 6.png */; };
		3161A50723658D7B00BED611 /* 2.png in Resources */ = {isa = PBXBuildFile; fileRef = 3161A4FD23658D7B00BED611 /* 2.png */; };
		3161A50823658D7B00BED611 /* 3.png in Resources */ = {isa = PBXBuildFile; fileRef = 3161A4FE23658D7B00BED611 /* 3.png */; };
		3161A50923658D7B00BED611 /* 1.png in Resources */ = {isa = PBXBuildFile; fileRef = 3161A4FF23658D7B00BED611 /* 1.png */; };
		3161A50D2365DF9800BED611 /* JieMultiContentView.m in Sources */ = {isa = PBXBuildFile; fileRef = 3161A50C2365DF9800BED611 /* JieMultiContentView.m */; };
		3161A5102365F98800BED611 /* JieMultiVCTitleView.m in Sources */ = {isa = PBXBuildFile; fileRef = 3161A50F2365F98800BED611 /* JieMultiVCTitleView.m */; };
		31BDC6A82362E4FB00634438 /* JieNavigationBar.m in Sources */ = {isa = PBXBuildFile; fileRef = 31BDC6A72362E4FB00634438 /* JieNavigationBar.m */; };
		A7DC1E8E441718EF784A9DDA /* libPods-TestCategary.a in Frameworks */ = {isa = PBXBuildFile; fileRef = 8EF7A951F0C00612EEB9C055 /* libPods-TestCategary.a */; };
/* End PBXBuildFile section */

/* Begin PBXFileReference section */
		1F26BFC4693350B5CA012161 /* Pods-TestCategary.release.xcconfig */ = {isa = PBXFileReference; includeInIndex = 1; lastKnownFileType = text.xcconfig; name = "Pods-TestCategary.release.xcconfig"; path = "Target Support Files/Pods-TestCategary/Pods-TestCategary.release.xcconfig"; sourceTree = "<group>"; };
		3110791F23669E79006EC700 /* AppDelegate.h */ = {isa = PBXFileReference; fileEncoding = 4; lastKnownFileType = sourcecode.c.h; path = AppDelegate.h; sourceTree = "<group>"; };
		3110792023669E79006EC700 /* Macro.h */ = {isa = PBXFileReference; fileEncoding = 4; lastKnownFileType = sourcecode.c.h; path = Macro.h; sourceTree = "<group>"; };
		3110792123669E79006EC700 /* SceneDelegate.m */ = {isa = PBXFileReference; fileEncoding = 4; lastKnownFileType = sourcecode.c.objc; path = SceneDelegate.m; sourceTree = "<group>"; };
		3110792223669E79006EC700 /* main.m */ = {isa = PBXFileReference; fileEncoding = 4; lastKnownFileType = sourcecode.c.objc; name = main.m; path = "其他/main.m"; sourceTree = "<group>"; };
		3110792323669E79006EC700 /* AppDelegate.m */ = {isa = PBXFileReference; fileEncoding = 4; lastKnownFileType = sourcecode.c.objc; path = AppDelegate.m; sourceTree = "<group>"; };
		3110792423669E79006EC700 /* Info.plist */ = {isa = PBXFileReference; fileEncoding = 4; lastKnownFileType = text.plist.xml; name = Info.plist; path = "其他/Info.plist"; sourceTree = "<group>"; };
		3110792523669E79006EC700 /* Const.h */ = {isa = PBXFileReference; fileEncoding = 4; lastKnownFileType = sourcecode.c.h; path = Const.h; sourceTree = "<group>"; };
		3110792623669E79006EC700 /* Test.pch */ = {isa = PBXFileReference; fileEncoding = 4; lastKnownFileType = sourcecode.c.h; path = Test.pch; sourceTree = "<group>"; };
		3110792723669E79006EC700 /* SceneDelegate.h */ = {isa = PBXFileReference; fileEncoding = 4; lastKnownFileType = sourcecode.c.h; path = SceneDelegate.h; sourceTree = "<group>"; };
		3110792923669E79006EC700 /* UIView+Jie.m */ = {isa = PBXFileReference; fileEncoding = 4; lastKnownFileType = sourcecode.c.objc; path = "UIView+Jie.m"; sourceTree = "<group>"; };
		3110792A23669E79006EC700 /* UIView+Jie.h */ = {isa = PBXFileReference; fileEncoding = 4; lastKnownFileType = sourcecode.c.h; path = "UIView+Jie.h"; sourceTree = "<group>"; };
		3110792C23669E79006EC700 /* GitHubViewController.m */ = {isa = PBXFileReference; fileEncoding = 4; lastKnownFileType = sourcecode.c.objc; path = GitHubViewController.m; sourceTree = "<group>"; };
		3110792D23669E79006EC700 /* GitHubViewController.h */ = {isa = PBXFileReference; fileEncoding = 4; lastKnownFileType = sourcecode.c.h; path = GitHubViewController.h; sourceTree = "<group>"; };
		31343EFE2362F1440013EAB0 /* JieNavigationController.h */ = {isa = PBXFileReference; lastKnownFileType = sourcecode.c.h; path = JieNavigationController.h; sourceTree = "<group>"; };
		31343EFF2362F1440013EAB0 /* JieNavigationController.m */ = {isa = PBXFileReference; lastKnownFileType = sourcecode.c.objc; path = JieNavigationController.m; sourceTree = "<group>"; };
		31343F022362FFCF0013EAB0 /* JieNavBaseViewController.h */ = {isa = PBXFileReference; lastKnownFileType = sourcecode.c.h; path = JieNavBaseViewController.h; sourceTree = "<group>"; };
		31343F032362FFCF0013EAB0 /* JieNavBaseViewController.m */ = {isa = PBXFileReference; lastKnownFileType = sourcecode.c.objc; path = JieNavBaseViewController.m; sourceTree = "<group>"; };
		31343F0523632CA30013EAB0 /* JieBaseViewController.h */ = {isa = PBXFileReference; lastKnownFileType = sourcecode.c.h; path = JieBaseViewController.h; sourceTree = "<group>"; };
		31343F0623632CA30013EAB0 /* JieBaseViewController.m */ = {isa = PBXFileReference; lastKnownFileType = sourcecode.c.objc; path = JieBaseViewController.m; sourceTree = "<group>"; };
		31343F082363324C0013EAB0 /* JieWebViewController.h */ = {isa = PBXFileReference; lastKnownFileType = sourcecode.c.h; path = JieWebViewController.h; sourceTree = "<group>"; };
		31343F092363324C0013EAB0 /* JieWebViewController.m */ = {isa = PBXFileReference; lastKnownFileType = sourcecode.c.objc; path = JieWebViewController.m; sourceTree = "<group>"; };
		314CF6B12366B6EC005EA85C /* TwitterViewController.h */ = {isa = PBXFileReference; lastKnownFileType = sourcecode.c.h; path = TwitterViewController.h; sourceTree = "<group>"; };
		314CF6B22366B6EC005EA85C /* TwitterViewController.m */ = {isa = PBXFileReference; lastKnownFileType = sourcecode.c.objc; path = TwitterViewController.m; sourceTree = "<group>"; };
		314CF6B42366B6F7005EA85C /* VideoViewController.h */ = {isa = PBXFileReference; lastKnownFileType = sourcecode.c.h; path = VideoViewController.h; sourceTree = "<group>"; };
		314CF6B52366B6F7005EA85C /* VideoViewController.m */ = {isa = PBXFileReference; lastKnownFileType = sourcecode.c.objc; path = VideoViewController.m; sourceTree = "<group>"; };
		314CF6B72366B700005EA85C /* SinaViewController.h */ = {isa = PBXFileReference; lastKnownFileType = sourcecode.c.h; path = SinaViewController.h; sourceTree = "<group>"; };
		314CF6B82366B700005EA85C /* SinaViewController.m */ = {isa = PBXFileReference; lastKnownFileType = sourcecode.c.objc; path = SinaViewController.m; sourceTree = "<group>"; };
		314CF6BA2366B70A005EA85C /* GoogleViewController.h */ = {isa = PBXFileReference; lastKnownFileType = sourcecode.c.h; path = GoogleViewController.h; sourceTree = "<group>"; };
		314CF6BB2366B70A005EA85C /* GoogleViewController.m */ = {isa = PBXFileReference; lastKnownFileType = sourcecode.c.objc; path = GoogleViewController.m; sourceTree = "<group>"; };
		314CF6BD2366B758005EA85C /* JieTabBarController.h */ = {isa = PBXFileReference; lastKnownFileType = sourcecode.c.h; path = JieTabBarController.h; sourceTree = "<group>"; };
		314CF6BE2366B758005EA85C /* JieTabBarController.m */ = {isa = PBXFileReference; lastKnownFileType = sourcecode.c.objc; path = JieTabBarController.m; sourceTree = "<group>"; };
		314E06A42361B430007084AD /* TestCategary.app */ = {isa = PBXFileReference; explicitFileType = wrapper.application; includeInIndex = 0; path = TestCategary.app; sourceTree = BUILT_PRODUCTS_DIR; };
		314E06B12361B430007084AD /* Base */ = {isa = PBXFileReference; lastKnownFileType = file.storyboard; name = Base; path = Base.lproj/Main.storyboard; sourceTree = "<group>"; };
		314E06B32361B433007084AD /* Assets.xcassets */ = {isa = PBXFileReference; lastKnownFileType = folder.assetcatalog; path = Assets.xcassets; sourceTree = "<group>"; };
		314E06B62361B433007084AD /* Base */ = {isa = PBXFileReference; lastKnownFileType = file.storyboard; name = Base; path = Base.lproj/LaunchScreen.storyboard; sourceTree = "<group>"; };
		3161A4EF23658C7E00BED611 /* WaterFlowLayout.h */ = {isa = PBXFileReference; fileEncoding = 4; lastKnownFileType = sourcecode.c.h; path = WaterFlowLayout.h; sourceTree = "<group>"; };
		3161A4F023658C7E00BED611 /* MyCollectionViewCell.h */ = {isa = PBXFileReference; fileEncoding = 4; lastKnownFileType = sourcecode.c.h; path = MyCollectionViewCell.h; sourceTree = "<group>"; };
		3161A4F123658C7E00BED611 /* MyCollectionViewCell.m */ = {isa = PBXFileReference; fileEncoding = 4; lastKnownFileType = sourcecode.c.objc; path = MyCollectionViewCell.m; sourceTree = "<group>"; };
		3161A4F223658C7E00BED611 /* WaterFlowLayout.m */ = {isa = PBXFileReference; fileEncoding = 4; lastKnownFileType = sourcecode.c.objc; path = WaterFlowLayout.m; sourceTree = "<group>"; };
		3161A4F623658D7B00BED611 /* 8.png */ = {isa = PBXFileReference; lastKnownFileType = image.png; path = 8.png; sourceTree = "<group>"; };
		3161A4F723658D7B00BED611 /* 9.png */ = {isa = PBXFileReference; lastKnownFileType = image.png; path = 9.png; sourceTree = "<group>"; };
		3161A4F823658D7B00BED611 /* 4.png */ = {isa = PBXFileReference; lastKnownFileType = image.png; path = 4.png; sourceTree = "<group>"; };
		3161A4F923658D7B00BED611 /* 5.png */ = {isa = PBXFileReference; lastKnownFileType = image.png; path = 5.png; sourceTree = "<group>"; };
		3161A4FA23658D7B00BED611 /* update2.png */ = {isa = PBXFileReference; lastKnownFileType = image.png; path = update2.png; sourceTree = "<group>"; };
		3161A4FB23658D7B00BED611 /* 7.png */ = {isa = PBXFileReference; lastKnownFileType = image.png; path = 7.png; sourceTree = "<group>"; };
		3161A4FC23658D7B00BED611 /* 6.png */ = {isa = PBXFileReference; lastKnownFileType = image.png; path = 6.png; sourceTree = "<group>"; };
		3161A4FD23658D7B00BED611 /* 2.png */ = {isa = PBXFileReference; lastKnownFileType = image.png; path = 2.png; sourceTree = "<group>"; };
		3161A4FE23658D7B00BED611 /* 3.png */ = {isa = PBXFileReference; lastKnownFileType = image.png; path = 3.png; sourceTree = "<group>"; };
		3161A4FF23658D7B00BED611 /* 1.png */ = {isa = PBXFileReference; lastKnownFileType = image.png; path = 1.png; sourceTree = "<group>"; };
		3161A50B2365DF9800BED611 /* JieMultiContentView.h */ = {isa = PBXFileReference; lastKnownFileType = sourcecode.c.h; path = JieMultiContentView.h; sourceTree = "<group>"; };
		3161A50C2365DF9800BED611 /* JieMultiContentView.m */ = {isa = PBXFileReference; lastKnownFileType = sourcecode.c.objc; path = JieMultiContentView.m; sourceTree = "<group>"; };
		3161A50E2365F98800BED611 /* JieMultiVCTitleView.h */ = {isa = PBXFileReference; lastKnownFileType = sourcecode.c.h; path = JieMultiVCTitleView.h; sourceTree = "<group>"; };
		3161A50F2365F98800BED611 /* JieMultiVCTitleView.m */ = {isa = PBXFileReference; lastKnownFileType = sourcecode.c.objc; path = JieMultiVCTitleView.m; sourceTree = "<group>"; };
		31BDC6A62362E4FB00634438 /* JieNavigationBar.h */ = {isa = PBXFileReference; lastKnownFileType = sourcecode.c.h; path = JieNavigationBar.h; sourceTree = "<group>"; };
		31BDC6A72362E4FB00634438 /* JieNavigationBar.m */ = {isa = PBXFileReference; lastKnownFileType = sourcecode.c.objc; path = JieNavigationBar.m; sourceTree = "<group>"; };
		7111E8331FBFDD15AC5164F2 /* Pods-TestCategary.debug.xcconfig */ = {isa = PBXFileReference; includeInIndex = 1; lastKnownFileType = text.xcconfig; name = "Pods-TestCategary.debug.xcconfig"; path = "Target Support Files/Pods-TestCategary/Pods-TestCategary.debug.xcconfig"; sourceTree = "<group>"; };
		8EF7A951F0C00612EEB9C055 /* libPods-TestCategary.a */ = {isa = PBXFileReference; explicitFileType = archive.ar; includeInIndex = 0; path = "libPods-TestCategary.a"; sourceTree = BUILT_PRODUCTS_DIR; };
/* End PBXFileReference section */

/* Begin PBXFrameworksBuildPhase section */
		314E06A12361B430007084AD /* Frameworks */ = {
			isa = PBXFrameworksBuildPhase;
			buildActionMask = 2147483647;
			files = (
				A7DC1E8E441718EF784A9DDA /* libPods-TestCategary.a in Frameworks */,
			);
			runOnlyForDeploymentPostprocessing = 0;
		};
/* End PBXFrameworksBuildPhase section */

/* Begin PBXGroup section */
		23169DCBBD04EDE3187D0222 /* Pods */ = {
			isa = PBXGroup;
			children = (
				7111E8331FBFDD15AC5164F2 /* Pods-TestCategary.debug.xcconfig */,
				1F26BFC4693350B5CA012161 /* Pods-TestCategary.release.xcconfig */,
			);
			path = Pods;
			sourceTree = "<group>";
		};
		3110791E23669E79006EC700 /* 其他 */ = {
			isa = PBXGroup;
			children = (
				3110791F23669E79006EC700 /* AppDelegate.h */,
				3110792323669E79006EC700 /* AppDelegate.m */,
				3110792723669E79006EC700 /* SceneDelegate.h */,
				3110792123669E79006EC700 /* SceneDelegate.m */,
				3110792623669E79006EC700 /* Test.pch */,
				3110792023669E79006EC700 /* Macro.h */,
				3110792523669E79006EC700 /* Const.h */,
			);
			path = "其他";
			sourceTree = "<group>";
		};
		3110792823669E79006EC700 /* 分类 */ = {
			isa = PBXGroup;
			children = (
				3110792923669E79006EC700 /* UIView+Jie.m */,
				3110792A23669E79006EC700 /* UIView+Jie.h */,
			);
			path = "分类";
			sourceTree = "<group>";
		};
		3110792B23669E79006EC700 /* 项目文件 */ = {
			isa = PBXGroup;
			children = (
				3110792D23669E79006EC700 /* GitHubViewController.h */,
				3110792C23669E79006EC700 /* GitHubViewController.m */,
				314CF6B12366B6EC005EA85C /* TwitterViewController.h */,
				314CF6B22366B6EC005EA85C /* TwitterViewController.m */,
				314CF6B42366B6F7005EA85C /* VideoViewController.h */,
				314CF6B52366B6F7005EA85C /* VideoViewController.m */,
				314CF6B72366B700005EA85C /* SinaViewController.h */,
				314CF6B82366B700005EA85C /* SinaViewController.m */,
				314CF6BA2366B70A005EA85C /* GoogleViewController.h */,
				314CF6BB2366B70A005EA85C /* GoogleViewController.m */,
			);
			path = "项目文件";
			sourceTree = "<group>";
		};
		314E069B2361B430007084AD = {
			isa = PBXGroup;
			children = (
				314E06A62361B430007084AD /* TestCategary */,
				314E06A52361B430007084AD /* Products */,
				23169DCBBD04EDE3187D0222 /* Pods */,
				A1A738A95B269D541A386E0F /* Frameworks */,
			);
			sourceTree = "<group>";
		};
		314E06A52361B430007084AD /* Products */ = {
			isa = PBXGroup;
			children = (
				314E06A42361B430007084AD /* TestCategary.app */,
			);
			name = Products;
			sourceTree = "<group>";
		};
		314E06A62361B430007084AD /* TestCategary */ = {
			isa = PBXGroup;
			children = (
				3161A4F523658D7B00BED611 /* liuyifei */,
				31BDC6A52362E4C100634438 /* Base */,
				3161A50A2365BD6500BED611 /* 子视图控制器 */,
				3161A4EE23658C2A00BED611 /* 瀑布流 */,
				3110792823669E79006EC700 /* 分类 */,
				3110792B23669E79006EC700 /* 项目文件 */,
				3110791E23669E79006EC700 /* 其他 */,
				314E06B02361B430007084AD /* Main.storyboard */,
				314E06B32361B433007084AD /* Assets.xcassets */,
				3110792423669E79006EC700 /* Info.plist */,
				3110792223669E79006EC700 /* main.m */,
				314E06B52361B433007084AD /* LaunchScreen.storyboard */,
			);
			path = TestCategary;
			sourceTree = "<group>";
		};
		3161A4EE23658C2A00BED611 /* 瀑布流 */ = {
			isa = PBXGroup;
			children = (
				3161A4F023658C7E00BED611 /* MyCollectionViewCell.h */,
				3161A4F123658C7E00BED611 /* MyCollectionViewCell.m */,
				3161A4EF23658C7E00BED611 /* WaterFlowLayout.h */,
				3161A4F223658C7E00BED611 /* WaterFlowLayout.m */,
			);
			path = "瀑布流";
			sourceTree = "<group>";
		};
		3161A4F523658D7B00BED611 /* liuyifei */ = {
			isa = PBXGroup;
			children = (
				3161A4F623658D7B00BED611 /* 8.png */,
				3161A4F723658D7B00BED611 /* 9.png */,
				3161A4F823658D7B00BED611 /* 4.png */,
				3161A4F923658D7B00BED611 /* 5.png */,
				3161A4FA23658D7B00BED611 /* update2.png */,
				3161A4FB23658D7B00BED611 /* 7.png */,
				3161A4FC23658D7B00BED611 /* 6.png */,
				3161A4FD23658D7B00BED611 /* 2.png */,
				3161A4FE23658D7B00BED611 /* 3.png */,
				3161A4FF23658D7B00BED611 /* 1.png */,
			);
			path = liuyifei;
			sourceTree = "<group>";
		};
		3161A50A2365BD6500BED611 /* 子视图控制器 */ = {
			isa = PBXGroup;
			children = (
				3161A50B2365DF9800BED611 /* JieMultiContentView.h */,
				3161A50C2365DF9800BED611 /* JieMultiContentView.m */,
				3161A50E2365F98800BED611 /* JieMultiVCTitleView.h */,
				3161A50F2365F98800BED611 /* JieMultiVCTitleView.m */,
			);
			path = "子视图控制器";
			sourceTree = "<group>";
		};
		31BDC6A52362E4C100634438 /* Base */ = {
			isa = PBXGroup;
			children = (
				31BDC6A62362E4FB00634438 /* JieNavigationBar.h */,
				31BDC6A72362E4FB00634438 /* JieNavigationBar.m */,
				31343EFE2362F1440013EAB0 /* JieNavigationController.h */,
				31343EFF2362F1440013EAB0 /* JieNavigationController.m */,
				31343F022362FFCF0013EAB0 /* JieNavBaseViewController.h */,
				31343F032362FFCF0013EAB0 /* JieNavBaseViewController.m */,
				31343F0523632CA30013EAB0 /* JieBaseViewController.h */,
				31343F0623632CA30013EAB0 /* JieBaseViewController.m */,
				31343F082363324C0013EAB0 /* JieWebViewController.h */,
				31343F092363324C0013EAB0 /* JieWebViewController.m */,
				314CF6BD2366B758005EA85C /* JieTabBarController.h */,
				314CF6BE2366B758005EA85C /* JieTabBarController.m */,
			);
			path = Base;
			sourceTree = "<group>";
		};
		A1A738A95B269D541A386E0F /* Frameworks */ = {
			isa = PBXGroup;
			children = (
				8EF7A951F0C00612EEB9C055 /* libPods-TestCategary.a */,
			);
			name = Frameworks;
			sourceTree = "<group>";
		};
/* End PBXGroup section */

/* Begin PBXNativeTarget section */
		314E06A32361B430007084AD /* TestCategary */ = {
			isa = PBXNativeTarget;
			buildConfigurationList = 314E06BD2361B433007084AD /* Build configuration list for PBXNativeTarget "TestCategary" */;
			buildPhases = (
				CEACBFA5AB1693FB91DDD7D6 /* [CP] Check Pods Manifest.lock */,
				314E06A02361B430007084AD /* Sources */,
				314E06A12361B430007084AD /* Frameworks */,
				314E06A22361B430007084AD /* Resources */,
				53C61F08F470A37B20CC8BB7 /* [CP] Copy Pods Resources */,
			);
			buildRules = (
			);
			dependencies = (
			);
			name = TestCategary;
			productName = TestCategary;
			productReference = 314E06A42361B430007084AD /* TestCategary.app */;
			productType = "com.apple.product-type.application";
		};
/* End PBXNativeTarget section */

/* Begin PBXProject section */
		314E069C2361B430007084AD /* Project object */ = {
			isa = PBXProject;
			attributes = {
				LastUpgradeCheck = 1110;
				ORGANIZATIONNAME = "颜仁浩";
				TargetAttributes = {
					314E06A32361B430007084AD = {
						CreatedOnToolsVersion = 11.1;
					};
				};
			};
			buildConfigurationList = 314E069F2361B430007084AD /* Build configuration list for PBXProject "TestCategary" */;
			compatibilityVersion = "Xcode 9.3";
			developmentRegion = en;
			hasScannedForEncodings = 0;
			knownRegions = (
				en,
				Base,
			);
			mainGroup = 314E069B2361B430007084AD;
			productRefGroup = 314E06A52361B430007084AD /* Products */;
			projectDirPath = "";
			projectRoot = "";
			targets = (
				314E06A32361B430007084AD /* TestCategary */,
			);
		};
/* End PBXProject section */

/* Begin PBXResourcesBuildPhase section */
		314E06A22361B430007084AD /* Resources */ = {
			isa = PBXResourcesBuildPhase;
			buildActionMask = 2147483647;
			files = (
				3161A50723658D7B00BED611 /* 2.png in Resources */,
				3161A50523658D7B00BED611 /* 7.png in Resources */,
				3161A50223658D7B00BED611 /* 4.png in Resources */,
				3161A50823658D7B00BED611 /* 3.png in Resources */,
				3161A50023658D7B00BED611 /* 8.png in Resources */,
				3161A50923658D7B00BED611 /* 1.png in Resources */,
				314E06B72361B433007084AD /* LaunchScreen.storyboard in Resources */,
				3161A50623658D7B00BED611 /* 6.png in Resources */,
				3161A50423658D7B00BED611 /* update2.png in Resources */,
				314E06B42361B433007084AD /* Assets.xcassets in Resources */,
				3161A50323658D7B00BED611 /* 5.png in Resources */,
				3161A50123658D7B00BED611 /* 9.png in Resources */,
				314E06B22361B430007084AD /* Main.storyboard in Resources */,
			);
			runOnlyForDeploymentPostprocessing = 0;
		};
/* End PBXResourcesBuildPhase section */

/* Begin PBXShellScriptBuildPhase section */
		53C61F08F470A37B20CC8BB7 /* [CP] Copy Pods Resources */ = {
			isa = PBXShellScriptBuildPhase;
			buildActionMask = 2147483647;
			files = (
			);
			inputFileListPaths = (
				"${PODS_ROOT}/Target Support Files/Pods-TestCategary/Pods-TestCategary-resources-${CONFIGURATION}-input-files.xcfilelist",
			);
			name = "[CP] Copy Pods Resources";
			outputFileListPaths = (
				"${PODS_ROOT}/Target Support Files/Pods-TestCategary/Pods-TestCategary-resources-${CONFIGURATION}-output-files.xcfilelist",
			);
			runOnlyForDeploymentPostprocessing = 0;
			shellPath = /bin/sh;
			shellScript = "\"${PODS_ROOT}/Target Support Files/Pods-TestCategary/Pods-TestCategary-resources.sh\"\n";
			showEnvVarsInLog = 0;
		};
		CEACBFA5AB1693FB91DDD7D6 /* [CP] Check Pods Manifest.lock */ = {
			isa = PBXShellScriptBuildPhase;
			buildActionMask = 2147483647;
			files = (
			);
			inputFileListPaths = (
			);
			inputPaths = (
				"${PODS_PODFILE_DIR_PATH}/Podfile.lock",
				"${PODS_ROOT}/Manifest.lock",
			);
			name = "[CP] Check Pods Manifest.lock";
			outputFileListPaths = (
			);
			outputPaths = (
				"$(DERIVED_FILE_DIR)/Pods-TestCategary-checkManifestLockResult.txt",
			);
			runOnlyForDeploymentPostprocessing = 0;
			shellPath = /bin/sh;
			shellScript = "diff \"${PODS_PODFILE_DIR_PATH}/Podfile.lock\" \"${PODS_ROOT}/Manifest.lock\" > /dev/null\nif [ $? != 0 ] ; then\n    # print error to STDERR\n    echo \"error: The sandbox is not in sync with the Podfile.lock. Run 'pod install' or update your CocoaPods installation.\" >&2\n    exit 1\nfi\n# This output is used by Xcode 'outputs' to avoid re-running this script phase.\necho \"SUCCESS\" > \"${SCRIPT_OUTPUT_FILE_0}\"\n";
			showEnvVarsInLog = 0;
		};
/* End PBXShellScriptBuildPhase section */

/* Begin PBXSourcesBuildPhase section */
		314E06A02361B430007084AD /* Sources */ = {
			isa = PBXSourcesBuildPhase;
			buildActionMask = 2147483647;
			files = (
				3161A4F423658C7E00BED611 /* WaterFlowLayout.m in Sources */,
				314CF6B92366B700005EA85C /* SinaViewController.m in Sources */,
				3161A4F323658C7E00BED611 /* MyCollectionViewCell.m in Sources */,
				3161A5102365F98800BED611 /* JieMultiVCTitleView.m in Sources */,
				3161A50D2365DF9800BED611 /* JieMultiContentView.m in Sources */,
				3110792F23669E79006EC700 /* main.m in Sources */,
				3110793323669E79006EC700 /* GitHubViewController.m in Sources */,
				314CF6B62366B6F7005EA85C /* VideoViewController.m in Sources */,
				3110792E23669E79006EC700 /* SceneDelegate.m in Sources */,
				314CF6BC2366B70A005EA85C /* GoogleViewController.m in Sources */,
				31343F042362FFCF0013EAB0 /* JieNavBaseViewController.m in Sources */,
				31BDC6A82362E4FB00634438 /* JieNavigationBar.m in Sources */,
				31343F0723632CA30013EAB0 /* JieBaseViewController.m in Sources */,
				3110793023669E79006EC700 /* AppDelegate.m in Sources */,
				31343F0A2363324C0013EAB0 /* JieWebViewController.m in Sources */,
				31343F002362F1440013EAB0 /* JieNavigationController.m in Sources */,
				314CF6B32366B6EC005EA85C /* TwitterViewController.m in Sources */,
				314CF6BF2366B758005EA85C /* JieTabBarController.m in Sources */,
				3110793223669E79006EC700 /* UIView+Jie.m in Sources */,
			);
			runOnlyForDeploymentPostprocessing = 0;
		};
/* End PBXSourcesBuildPhase section */

/* Begin PBXVariantGroup section */
		314E06B02361B430007084AD /* Main.storyboard */ = {
			isa = PBXVariantGroup;
			children = (
				314E06B12361B430007084AD /* Base */,
			);
			name = Main.storyboard;
			sourceTree = "<group>";
		};
		314E06B52361B433007084AD /* LaunchScreen.storyboard */ = {
			isa = PBXVariantGroup;
			children = (
				314E06B62361B433007084AD /* Base */,
			);
			name = LaunchScreen.storyboard;
			sourceTree = "<group>";
		};
/* End PBXVariantGroup section */

/* Begin XCBuildConfiguration section */
		314E06BB2361B433007084AD /* Debug */ = {
			isa = XCBuildConfiguration;
			buildSettings = {
				ALWAYS_SEARCH_USER_PATHS = NO;
				CLANG_ANALYZER_NONNULL = YES;
				CLANG_ANALYZER_NUMBER_OBJECT_CONVERSION = YES_AGGRESSIVE;
				CLANG_CXX_LANGUAGE_STANDARD = "gnu++14";
				CLANG_CXX_LIBRARY = "libc++";
				CLANG_ENABLE_MODULES = YES;
				CLANG_ENABLE_OBJC_ARC = YES;
				CLANG_ENABLE_OBJC_WEAK = YES;
				CLANG_WARN_BLOCK_CAPTURE_AUTORELEASING = YES;
				CLANG_WARN_BOOL_CONVERSION = YES;
				CLANG_WARN_COMMA = YES;
				CLANG_WARN_CONSTANT_CONVERSION = YES;
				CLANG_WARN_DEPRECATED_OBJC_IMPLEMENTATIONS = YES;
				CLANG_WARN_DIRECT_OBJC_ISA_USAGE = YES_ERROR;
				CLANG_WARN_DOCUMENTATION_COMMENTS = YES;
				CLANG_WARN_EMPTY_BODY = YES;
				CLANG_WARN_ENUM_CONVERSION = YES;
				CLANG_WARN_INFINITE_RECURSION = YES;
				CLANG_WARN_INT_CONVERSION = YES;
				CLANG_WARN_NON_LITERAL_NULL_CONVERSION = YES;
				CLANG_WARN_OBJC_IMPLICIT_RETAIN_SELF = YES;
				CLANG_WARN_OBJC_LITERAL_CONVERSION = YES;
				CLANG_WARN_OBJC_ROOT_CLASS = YES_ERROR;
				CLANG_WARN_RANGE_LOOP_ANALYSIS = YES;
				CLANG_WARN_STRICT_PROTOTYPES = YES;
				CLANG_WARN_SUSPICIOUS_MOVE = YES;
				CLANG_WARN_UNGUARDED_AVAILABILITY = YES_AGGRESSIVE;
				CLANG_WARN_UNREACHABLE_CODE = YES;
				CLANG_WARN__DUPLICATE_METHOD_MATCH = YES;
				COPY_PHASE_STRIP = NO;
				DEBUG_INFORMATION_FORMAT = dwarf;
				ENABLE_STRICT_OBJC_MSGSEND = YES;
				ENABLE_TESTABILITY = YES;
				GCC_C_LANGUAGE_STANDARD = gnu11;
				GCC_DYNAMIC_NO_PIC = NO;
				GCC_NO_COMMON_BLOCKS = YES;
				GCC_OPTIMIZATION_LEVEL = 0;
				GCC_PREPROCESSOR_DEFINITIONS = (
					"DEBUG=1",
					"$(inherited)",
				);
				GCC_WARN_64_TO_32_BIT_CONVERSION = YES;
				GCC_WARN_ABOUT_RETURN_TYPE = YES_ERROR;
				GCC_WARN_UNDECLARED_SELECTOR = YES;
				GCC_WARN_UNINITIALIZED_AUTOS = YES_AGGRESSIVE;
				GCC_WARN_UNUSED_FUNCTION = YES;
				GCC_WARN_UNUSED_VARIABLE = YES;
				IPHONEOS_DEPLOYMENT_TARGET = 13.1;
				MTL_ENABLE_DEBUG_INFO = INCLUDE_SOURCE;
				MTL_FAST_MATH = YES;
				ONLY_ACTIVE_ARCH = YES;
				SDKROOT = iphoneos;
			};
			name = Debug;
		};
		314E06BC2361B433007084AD /* Release */ = {
			isa = XCBuildConfiguration;
			buildSettings = {
				ALWAYS_SEARCH_USER_PATHS = NO;
				CLANG_ANALYZER_NONNULL = YES;
				CLANG_ANALYZER_NUMBER_OBJECT_CONVERSION = YES_AGGRESSIVE;
				CLANG_CXX_LANGUAGE_STANDARD = "gnu++14";
				CLANG_CXX_LIBRARY = "libc++";
				CLANG_ENABLE_MODULES = YES;
				CLANG_ENABLE_OBJC_ARC = YES;
				CLANG_ENABLE_OBJC_WEAK = YES;
				CLANG_WARN_BLOCK_CAPTURE_AUTORELEASING = YES;
				CLANG_WARN_BOOL_CONVERSION = YES;
				CLANG_WARN_COMMA = YES;
				CLANG_WARN_CONSTANT_CONVERSION = YES;
				CLANG_WARN_DEPRECATED_OBJC_IMPLEMENTATIONS = YES;
				CLANG_WARN_DIRECT_OBJC_ISA_USAGE = YES_ERROR;
				CLANG_WARN_DOCUMENTATION_COMMENTS = YES;
				CLANG_WARN_EMPTY_BODY = YES;
				CLANG_WARN_ENUM_CONVERSION = YES;
				CLANG_WARN_INFINITE_RECURSION = YES;
				CLANG_WARN_INT_CONVERSION = YES;
				CLANG_WARN_NON_LITERAL_NULL_CONVERSION = YES;
				CLANG_WARN_OBJC_IMPLICIT_RETAIN_SELF = YES;
				CLANG_WARN_OBJC_LITERAL_CONVERSION = YES;
				CLANG_WARN_OBJC_ROOT_CLASS = YES_ERROR;
				CLANG_WARN_RANGE_LOOP_ANALYSIS = YES;
				CLANG_WARN_STRICT_PROTOTYPES = YES;
				CLANG_WARN_SUSPICIOUS_MOVE = YES;
				CLANG_WARN_UNGUARDED_AVAILABILITY = YES_AGGRESSIVE;
				CLANG_WARN_UNREACHABLE_CODE = YES;
				CLANG_WARN__DUPLICATE_METHOD_MATCH = YES;
				COPY_PHASE_STRIP = NO;
				DEBUG_INFORMATION_FORMAT = "dwarf-with-dsym";
				ENABLE_NS_ASSERTIONS = NO;
				ENABLE_STRICT_OBJC_MSGSEND = YES;
				GCC_C_LANGUAGE_STANDARD = gnu11;
				GCC_NO_COMMON_BLOCKS = YES;
				GCC_WARN_64_TO_32_BIT_CONVERSION = YES;
				GCC_WARN_ABOUT_RETURN_TYPE = YES_ERROR;
				GCC_WARN_UNDECLARED_SELECTOR = YES;
				GCC_WARN_UNINITIALIZED_AUTOS = YES_AGGRESSIVE;
				GCC_WARN_UNUSED_FUNCTION = YES;
				GCC_WARN_UNUSED_VARIABLE = YES;
				IPHONEOS_DEPLOYMENT_TARGET = 13.1;
				MTL_ENABLE_DEBUG_INFO = NO;
				MTL_FAST_MATH = YES;
				SDKROOT = iphoneos;
				VALIDATE_PRODUCT = YES;
			};
			name = Release;
		};
		314E06BE2361B433007084AD /* Debug */ = {
			isa = XCBuildConfiguration;
			baseConfigurationReference = 7111E8331FBFDD15AC5164F2 /* Pods-TestCategary.debug.xcconfig */;
			buildSettings = {
				ASSETCATALOG_COMPILER_APPICON_NAME = AppIcon;
				CODE_SIGN_STYLE = Automatic;
				GCC_PREFIX_HEADER = "${SRCROOT}/TestCategary/其他/Test.pch";
				INFOPLIST_FILE = "$(SRCROOT)/TestCategary/其他/Info.plist";
				IPHONEOS_DEPLOYMENT_TARGET = 9.0;
				LD_RUNPATH_SEARCH_PATHS = (
					"$(inherited)",
					"@executable_path/Frameworks",
				);
				PRODUCT_BUNDLE_IDENTIFIER = Jackey.TestCategary;
				PRODUCT_NAME = "$(TARGET_NAME)";
				TARGETED_DEVICE_FAMILY = 1;
			};
			name = Debug;
		};
		314E06BF2361B433007084AD /* Release */ = {
			isa = XCBuildConfiguration;
			baseConfigurationReference = 1F26BFC4693350B5CA012161 /* Pods-TestCategary.release.xcconfig */;
			buildSettings = {
				ASSETCATALOG_COMPILER_APPICON_NAME = AppIcon;
				CODE_SIGN_STYLE = Automatic;
				GCC_PREFIX_HEADER = "${SRCROOT}/TestCategary/其他/Test.pch";
				INFOPLIST_FILE = "$(SRCROOT)/TestCategary/其他/Info.plist";
				IPHONEOS_DEPLOYMENT_TARGET = 9.0;
				LD_RUNPATH_SEARCH_PATHS = (
					"$(inherited)",
					"@executable_path/Frameworks",
				);
				PRODUCT_BUNDLE_IDENTIFIER = Jackey.TestCategary;
				PRODUCT_NAME = "$(TARGET_NAME)";
				TARGETED_DEVICE_FAMILY = 1;
			};
			name = Release;
		};
/* End XCBuildConfiguration section */

/* Begin XCConfigurationList section */
		314E069F2361B430007084AD /* Build configuration list for PBXProject "TestCategary" */ = {
			isa = XCConfigurationList;
			buildConfigurations = (
				314E06BB2361B433007084AD /* Debug */,
				314E06BC2361B433007084AD /* Release */,
			);
			defaultConfigurationIsVisible = 0;
			defaultConfigurationName = Release;
		};
		314E06BD2361B433007084AD /* Build configuration list for PBXNativeTarget "TestCategary" */ = {
			isa = XCConfigurationList;
			buildConfigurations = (
				314E06BE2361B433007084AD /* Debug */,
				314E06BF2361B433007084AD /* Release */,
			);
			defaultConfigurationIsVisible = 0;
			defaultConfigurationName = Release;
		};
/* End XCConfigurationList section */
	};
	rootObject = 314E069C2361B430007084AD /* Project object */;
}
